// !$*UTF8*$!
{
	archiveVersion = 1;
	classes = {
	};
	objectVersion = 46;
	objects = {

/* Begin PBXBuildFile section */
		D31B137C1CA8D8E400D0B863 /* AppDelegate.swift in Sources */ = {isa = PBXBuildFile; fileRef = D31B137B1CA8D8E400D0B863 /* AppDelegate.swift */; };
		D31B13811CA8D8E400D0B863 /* Main.storyboard in Resources */ = {isa = PBXBuildFile; fileRef = D31B137F1CA8D8E400D0B863 /* Main.storyboard */; };
		D31B13831CA8D8E400D0B863 /* Assets.xcassets in Resources */ = {isa = PBXBuildFile; fileRef = D31B13821CA8D8E400D0B863 /* Assets.xcassets */; };
		D31B13A81CA8E29000D0B863 /* RRuleExampleViewController.swift in Sources */ = {isa = PBXBuildFile; fileRef = D31B13A71CA8E29000D0B863 /* RRuleExampleViewController.swift */; };
		D31B13BB1CAA35E200D0B863 /* PickerViewCell.swift in Sources */ = {isa = PBXBuildFile; fileRef = D31B13BA1CAA35E200D0B863 /* PickerViewCell.swift */; };
		D31B13BD1CAA3B0D00D0B863 /* DatePickerCell.swift in Sources */ = {isa = PBXBuildFile; fileRef = D31B13BC1CAA3B0D00D0B863 /* DatePickerCell.swift */; };
		D325D6491D0574E00021E620 /* NotificationCenter.framework in Frameworks */ = {isa = PBXBuildFile; fileRef = D325D6481D0574E00021E620 /* NotificationCenter.framework */; };
		D325D64C1D0574E00021E620 /* TodayViewController.swift in Sources */ = {isa = PBXBuildFile; fileRef = D325D64B1D0574E00021E620 /* TodayViewController.swift */; };
		D325D64F1D0574E00021E620 /* MainInterface.storyboard in Resources */ = {isa = PBXBuildFile; fileRef = D325D64D1D0574E00021E620 /* MainInterface.storyboard */; };
		D3652DC11D937FB50025EC3C /* RRuleSwift.framework in Frameworks */ = {isa = PBXBuildFile; fileRef = D3652DC01D937FB50025EC3C /* RRuleSwift.framework */; };
		D3652DC21D937FBC0025EC3C /* RRuleSwift.framework in Frameworks */ = {isa = PBXBuildFile; fileRef = D3652DC01D937FB50025EC3C /* RRuleSwift.framework */; };
		D3652DC41D937FC70025EC3C /* RRuleSwift.framework in Frameworks */ = {isa = PBXBuildFile; fileRef = D3652DC31D937FC70025EC3C /* RRuleSwift.framework */; };
		EB48D1831D64202E001EE872 /* Interface.storyboard in Resources */ = {isa = PBXBuildFile; fileRef = EB48D1811D64202E001EE872 /* Interface.storyboard */; };
		EB48D1851D64202E001EE872 /* Assets.xcassets in Resources */ = {isa = PBXBuildFile; fileRef = EB48D1841D64202E001EE872 /* Assets.xcassets */; };
		EB48D18C1D64202E001EE872 /* RRuleSwiftExample-Watch Extension.appex in Embed App Extensions */ = {isa = PBXBuildFile; fileRef = EB48D18B1D64202E001EE872 /* RRuleSwiftExample-Watch Extension.appex */; settings = {ATTRIBUTES = (RemoveHeadersOnCopy, ); }; };
		EB48D1931D64202E001EE872 /* InterfaceController.swift in Sources */ = {isa = PBXBuildFile; fileRef = EB48D1921D64202E001EE872 /* InterfaceController.swift */; };
		EB48D1951D64202E001EE872 /* ExtensionDelegate.swift in Sources */ = {isa = PBXBuildFile; fileRef = EB48D1941D64202E001EE872 /* ExtensionDelegate.swift */; };
		EB48D1971D64202E001EE872 /* NotificationController.swift in Sources */ = {isa = PBXBuildFile; fileRef = EB48D1961D64202E001EE872 /* NotificationController.swift */; };
		EB48D1991D64202E001EE872 /* Assets.xcassets in Resources */ = {isa = PBXBuildFile; fileRef = EB48D1981D64202E001EE872 /* Assets.xcassets */; };
		EB48D19D1D64202E001EE872 /* RRuleSwiftExample-Watch.app in Embed Watch Content */ = {isa = PBXBuildFile; fileRef = EB48D17F1D64202E001EE872 /* RRuleSwiftExample-Watch.app */; };
/* End PBXBuildFile section */

/* Begin PBXContainerItemProxy section */
		EB48D18D1D64202E001EE872 /* PBXContainerItemProxy */ = {
			isa = PBXContainerItemProxy;
			containerPortal = D31B13701CA8D8E400D0B863 /* Project object */;
			proxyType = 1;
			remoteGlobalIDString = EB48D18A1D64202E001EE872;
			remoteInfo = "RRuleSwiftExample-Watch Extension";
		};
		EB48D19B1D64202E001EE872 /* PBXContainerItemProxy */ = {
			isa = PBXContainerItemProxy;
			containerPortal = D31B13701CA8D8E400D0B863 /* Project object */;
			proxyType = 1;
			remoteGlobalIDString = EB48D17E1D64202E001EE872;
			remoteInfo = "RRuleSwiftExample-Watch";
		};
/* End PBXContainerItemProxy section */

/* Begin PBXCopyFilesBuildPhase section */
		EB48D1A31D64202E001EE872 /* Embed App Extensions */ = {
			isa = PBXCopyFilesBuildPhase;
			buildActionMask = 2147483647;
			dstPath = "";
			dstSubfolderSpec = 13;
			files = (
				EB48D18C1D64202E001EE872 /* RRuleSwiftExample-Watch Extension.appex in Embed App Extensions */,
			);
			name = "Embed App Extensions";
			runOnlyForDeploymentPostprocessing = 0;
		};
		EB48D1A51D64202E001EE872 /* Embed Watch Content */ = {
			isa = PBXCopyFilesBuildPhase;
			buildActionMask = 2147483647;
			dstPath = "$(CONTENTS_FOLDER_PATH)/Watch";
			dstSubfolderSpec = 16;
			files = (
				EB48D19D1D64202E001EE872 /* RRuleSwiftExample-Watch.app in Embed Watch Content */,
			);
			name = "Embed Watch Content";
			runOnlyForDeploymentPostprocessing = 0;
		};
		EB48D1A91D643394001EE872 /* Embed Frameworks */ = {
			isa = PBXCopyFilesBuildPhase;
			buildActionMask = 2147483647;
			dstPath = "";
			dstSubfolderSpec = 10;
			files = (
			);
			name = "Embed Frameworks";
			runOnlyForDeploymentPostprocessing = 0;
		};
/* End PBXCopyFilesBuildPhase section */

/* Begin PBXFileReference section */
		D31B13781CA8D8E400D0B863 /* RRuleSwiftExample.app */ = {isa = PBXFileReference; explicitFileType = wrapper.application; includeInIndex = 0; path = RRuleSwiftExample.app; sourceTree = BUILT_PRODUCTS_DIR; };
		D31B137B1CA8D8E400D0B863 /* AppDelegate.swift */ = {isa = PBXFileReference; lastKnownFileType = sourcecode.swift; path = AppDelegate.swift; sourceTree = "<group>"; };
		D31B13801CA8D8E400D0B863 /* Base */ = {isa = PBXFileReference; lastKnownFileType = file.storyboard; name = Base; path = Base.lproj/Main.storyboard; sourceTree = "<group>"; };
		D31B13821CA8D8E400D0B863 /* Assets.xcassets */ = {isa = PBXFileReference; lastKnownFileType = folder.assetcatalog; path = Assets.xcassets; sourceTree = "<group>"; };
		D31B13871CA8D8E400D0B863 /* Info.plist */ = {isa = PBXFileReference; lastKnownFileType = text.plist.xml; path = Info.plist; sourceTree = "<group>"; };
		D31B13A71CA8E29000D0B863 /* RRuleExampleViewController.swift */ = {isa = PBXFileReference; fileEncoding = 4; lastKnownFileType = sourcecode.swift; path = RRuleExampleViewController.swift; sourceTree = "<group>"; };
		D31B13BA1CAA35E200D0B863 /* PickerViewCell.swift */ = {isa = PBXFileReference; fileEncoding = 4; lastKnownFileType = sourcecode.swift; path = PickerViewCell.swift; sourceTree = "<group>"; };
		D31B13BC1CAA3B0D00D0B863 /* DatePickerCell.swift */ = {isa = PBXFileReference; fileEncoding = 4; lastKnownFileType = sourcecode.swift; path = DatePickerCell.swift; sourceTree = "<group>"; };
		D325D6461D0574E00021E620 /* RRuleSwiftExample-TodayExtension.appex */ = {isa = PBXFileReference; explicitFileType = "wrapper.app-extension"; includeInIndex = 0; path = "RRuleSwiftExample-TodayExtension.appex"; sourceTree = BUILT_PRODUCTS_DIR; };
		D325D6481D0574E00021E620 /* NotificationCenter.framework */ = {isa = PBXFileReference; lastKnownFileType = wrapper.framework; name = NotificationCenter.framework; path = System/Library/Frameworks/NotificationCenter.framework; sourceTree = SDKROOT; };
		D325D64B1D0574E00021E620 /* TodayViewController.swift */ = {isa = PBXFileReference; lastKnownFileType = sourcecode.swift; path = TodayViewController.swift; sourceTree = "<group>"; };
		D325D64E1D0574E00021E620 /* Base */ = {isa = PBXFileReference; lastKnownFileType = file.storyboard; name = Base; path = Base.lproj/MainInterface.storyboard; sourceTree = "<group>"; };
		D325D6501D0574E00021E620 /* Info.plist */ = {isa = PBXFileReference; lastKnownFileType = text.plist.xml; path = Info.plist; sourceTree = "<group>"; };
		D3652DC01D937FB50025EC3C /* RRuleSwift.framework */ = {isa = PBXFileReference; lastKnownFileType = wrapper.framework; name = RRuleSwift.framework; path = "../../Library/Developer/Xcode/DerivedData/RRuleSwift-bsfdvctfhfasceecxzjeffpridns/Build/Products/Debug-iphonesimulator/RRuleSwift.framework"; sourceTree = "<group>"; };
		D3652DC31D937FC70025EC3C /* RRuleSwift.framework */ = {isa = PBXFileReference; lastKnownFileType = wrapper.framework; name = RRuleSwift.framework; path = "../../Library/Developer/Xcode/DerivedData/RRuleSwift-bsfdvctfhfasceecxzjeffpridns/Build/Products/Debug-watchsimulator/RRuleSwift.framework"; sourceTree = "<group>"; };
		EB48D17F1D64202E001EE872 /* RRuleSwiftExample-Watch.app */ = {isa = PBXFileReference; explicitFileType = wrapper.application; includeInIndex = 0; path = "RRuleSwiftExample-Watch.app"; sourceTree = BUILT_PRODUCTS_DIR; };
		EB48D1821D64202E001EE872 /* Base */ = {isa = PBXFileReference; lastKnownFileType = file.storyboard; name = Base; path = Base.lproj/Interface.storyboard; sourceTree = "<group>"; };
		EB48D1841D64202E001EE872 /* Assets.xcassets */ = {isa = PBXFileReference; lastKnownFileType = folder.assetcatalog; path = Assets.xcassets; sourceTree = "<group>"; };
		EB48D1861D64202E001EE872 /* Info.plist */ = {isa = PBXFileReference; lastKnownFileType = text.plist.xml; path = Info.plist; sourceTree = "<group>"; };
		EB48D18B1D64202E001EE872 /* RRuleSwiftExample-Watch Extension.appex */ = {isa = PBXFileReference; explicitFileType = "wrapper.app-extension"; includeInIndex = 0; path = "RRuleSwiftExample-Watch Extension.appex"; sourceTree = BUILT_PRODUCTS_DIR; };
		EB48D1911D64202E001EE872 /* PushNotificationPayload.apns */ = {isa = PBXFileReference; lastKnownFileType = text; path = PushNotificationPayload.apns; sourceTree = "<group>"; };
		EB48D1921D64202E001EE872 /* InterfaceController.swift */ = {isa = PBXFileReference; lastKnownFileType = sourcecode.swift; path = InterfaceController.swift; sourceTree = "<group>"; };
		EB48D1941D64202E001EE872 /* ExtensionDelegate.swift */ = {isa = PBXFileReference; lastKnownFileType = sourcecode.swift; path = ExtensionDelegate.swift; sourceTree = "<group>"; };
		EB48D1961D64202E001EE872 /* NotificationController.swift */ = {isa = PBXFileReference; lastKnownFileType = sourcecode.swift; path = NotificationController.swift; sourceTree = "<group>"; };
		EB48D1981D64202E001EE872 /* Assets.xcassets */ = {isa = PBXFileReference; lastKnownFileType = folder.assetcatalog; path = Assets.xcassets; sourceTree = "<group>"; };
		EB48D19A1D64202E001EE872 /* Info.plist */ = {isa = PBXFileReference; lastKnownFileType = text.plist.xml; path = Info.plist; sourceTree = "<group>"; };
/* End PBXFileReference section */

/* Begin PBXFrameworksBuildPhase section */
		D31B13751CA8D8E400D0B863 /* Frameworks */ = {
			isa = PBXFrameworksBuildPhase;
			buildActionMask = 2147483647;
			files = (
				D3652DC11D937FB50025EC3C /* RRuleSwift.framework in Frameworks */,
			);
			runOnlyForDeploymentPostprocessing = 0;
		};
		D325D6431D0574E00021E620 /* Frameworks */ = {
			isa = PBXFrameworksBuildPhase;
			buildActionMask = 2147483647;
			files = (
				D3652DC21D937FBC0025EC3C /* RRuleSwift.framework in Frameworks */,
				D325D6491D0574E00021E620 /* NotificationCenter.framework in Frameworks */,
			);
			runOnlyForDeploymentPostprocessing = 0;
		};
		EB48D1881D64202E001EE872 /* Frameworks */ = {
			isa = PBXFrameworksBuildPhase;
			buildActionMask = 2147483647;
			files = (
				D3652DC41D937FC70025EC3C /* RRuleSwift.framework in Frameworks */,
			);
			runOnlyForDeploymentPostprocessing = 0;
		};
/* End PBXFrameworksBuildPhase section */

/* Begin PBXGroup section */
		D31B136F1CA8D8E400D0B863 = {
			isa = PBXGroup;
			children = (
				D31B137A1CA8D8E400D0B863 /* RRuleSwiftExample */,
				D325D64A1D0574E00021E620 /* RRuleSwiftExample-TodayExtension */,
				EB48D1801D64202E001EE872 /* RRuleSwiftExample-Watch */,
				EB48D18F1D64202E001EE872 /* RRuleSwiftExample-Watch Extension */,
				D325D6471D0574E00021E620 /* Frameworks */,
				D31B13791CA8D8E400D0B863 /* Products */,
			);
			sourceTree = "<group>";
		};
		D31B13791CA8D8E400D0B863 /* Products */ = {
			isa = PBXGroup;
			children = (
				D31B13781CA8D8E400D0B863 /* RRuleSwiftExample.app */,
				D325D6461D0574E00021E620 /* RRuleSwiftExample-TodayExtension.appex */,
				EB48D17F1D64202E001EE872 /* RRuleSwiftExample-Watch.app */,
				EB48D18B1D64202E001EE872 /* RRuleSwiftExample-Watch Extension.appex */,
			);
			name = Products;
			sourceTree = "<group>";
		};
		D31B137A1CA8D8E400D0B863 /* RRuleSwiftExample */ = {
			isa = PBXGroup;
			children = (
				D31B137B1CA8D8E400D0B863 /* AppDelegate.swift */,
				D31B13A71CA8E29000D0B863 /* RRuleExampleViewController.swift */,
				D31B13BA1CAA35E200D0B863 /* PickerViewCell.swift */,
				D31B13BC1CAA3B0D00D0B863 /* DatePickerCell.swift */,
				D31B137F1CA8D8E400D0B863 /* Main.storyboard */,
				D31B13821CA8D8E400D0B863 /* Assets.xcassets */,
				D31B13871CA8D8E400D0B863 /* Info.plist */,
			);
			path = RRuleSwiftExample;
			sourceTree = "<group>";
		};
		D325D6471D0574E00021E620 /* Frameworks */ = {
			isa = PBXGroup;
			children = (
				D3652DC31D937FC70025EC3C /* RRuleSwift.framework */,
				D3652DC01D937FB50025EC3C /* RRuleSwift.framework */,
				D325D6481D0574E00021E620 /* NotificationCenter.framework */,
			);
			name = Frameworks;
			sourceTree = "<group>";
		};
		D325D64A1D0574E00021E620 /* RRuleSwiftExample-TodayExtension */ = {
			isa = PBXGroup;
			children = (
				D325D64B1D0574E00021E620 /* TodayViewController.swift */,
				D325D64D1D0574E00021E620 /* MainInterface.storyboard */,
				D325D6501D0574E00021E620 /* Info.plist */,
			);
			path = "RRuleSwiftExample-TodayExtension";
			sourceTree = "<group>";
		};
		EB48D1801D64202E001EE872 /* RRuleSwiftExample-Watch */ = {
			isa = PBXGroup;
			children = (
				EB48D1811D64202E001EE872 /* Interface.storyboard */,
				EB48D1841D64202E001EE872 /* Assets.xcassets */,
				EB48D1861D64202E001EE872 /* Info.plist */,
			);
			path = "RRuleSwiftExample-Watch";
			sourceTree = "<group>";
		};
		EB48D18F1D64202E001EE872 /* RRuleSwiftExample-Watch Extension */ = {
			isa = PBXGroup;
			children = (
				EB48D1921D64202E001EE872 /* InterfaceController.swift */,
				EB48D1941D64202E001EE872 /* ExtensionDelegate.swift */,
				EB48D1961D64202E001EE872 /* NotificationController.swift */,
				EB48D1981D64202E001EE872 /* Assets.xcassets */,
				EB48D19A1D64202E001EE872 /* Info.plist */,
				EB48D1901D64202E001EE872 /* Supporting Files */,
			);
			path = "RRuleSwiftExample-Watch Extension";
			sourceTree = "<group>";
		};
		EB48D1901D64202E001EE872 /* Supporting Files */ = {
			isa = PBXGroup;
			children = (
				EB48D1911D64202E001EE872 /* PushNotificationPayload.apns */,
			);
			name = "Supporting Files";
			sourceTree = "<group>";
		};
/* End PBXGroup section */

/* Begin PBXNativeTarget section */
		D31B13771CA8D8E400D0B863 /* RRuleSwiftExample */ = {
			isa = PBXNativeTarget;
			buildConfigurationList = D31B138A1CA8D8E400D0B863 /* Build configuration list for PBXNativeTarget "RRuleSwiftExample" */;
			buildPhases = (
				D31B13741CA8D8E400D0B863 /* Sources */,
				D31B13751CA8D8E400D0B863 /* Frameworks */,
				D31B13761CA8D8E400D0B863 /* Resources */,
				EB48D1A51D64202E001EE872 /* Embed Watch Content */,
			);
			buildRules = (
			);
			dependencies = (
				EB48D19C1D64202E001EE872 /* PBXTargetDependency */,
			);
			name = RRuleSwiftExample;
			productName = RRuleSwift;
			productReference = D31B13781CA8D8E400D0B863 /* RRuleSwiftExample.app */;
			productType = "com.apple.product-type.application";
		};
		D325D6451D0574E00021E620 /* RRuleSwiftExample-TodayExtension */ = {
			isa = PBXNativeTarget;
			buildConfigurationList = D325D6541D0574E10021E620 /* Build configuration list for PBXNativeTarget "RRuleSwiftExample-TodayExtension" */;
			buildPhases = (
				D325D6421D0574E00021E620 /* Sources */,
				D325D6431D0574E00021E620 /* Frameworks */,
				D325D6441D0574E00021E620 /* Resources */,
			);
			buildRules = (
			);
			dependencies = (
			);
			name = "RRuleSwiftExample-TodayExtension";
			productName = "RRuleSwiftExample-TodayExtension";
			productReference = D325D6461D0574E00021E620 /* RRuleSwiftExample-TodayExtension.appex */;
			productType = "com.apple.product-type.app-extension";
		};
		EB48D17E1D64202E001EE872 /* RRuleSwiftExample-Watch */ = {
			isa = PBXNativeTarget;
			buildConfigurationList = EB48D1A41D64202E001EE872 /* Build configuration list for PBXNativeTarget "RRuleSwiftExample-Watch" */;
			buildPhases = (
				EB48D17D1D64202E001EE872 /* Resources */,
				EB48D1A31D64202E001EE872 /* Embed App Extensions */,
			);
			buildRules = (
			);
			dependencies = (
				EB48D18E1D64202E001EE872 /* PBXTargetDependency */,
			);
			name = "RRuleSwiftExample-Watch";
			productName = "RRuleSwiftExample-Watch";
			productReference = EB48D17F1D64202E001EE872 /* RRuleSwiftExample-Watch.app */;
			productType = "com.apple.product-type.application.watchapp2";
		};
		EB48D18A1D64202E001EE872 /* RRuleSwiftExample-Watch Extension */ = {
			isa = PBXNativeTarget;
			buildConfigurationList = EB48D1A21D64202E001EE872 /* Build configuration list for PBXNativeTarget "RRuleSwiftExample-Watch Extension" */;
			buildPhases = (
				EB48D1871D64202E001EE872 /* Sources */,
				EB48D1881D64202E001EE872 /* Frameworks */,
				EB48D1891D64202E001EE872 /* Resources */,
				EB48D1A91D643394001EE872 /* Embed Frameworks */,
			);
			buildRules = (
			);
			dependencies = (
			);
			name = "RRuleSwiftExample-Watch Extension";
			productName = "RRuleSwiftExample-Watch Extension";
			productReference = EB48D18B1D64202E001EE872 /* RRuleSwiftExample-Watch Extension.appex */;
			productType = "com.apple.product-type.watchkit2-extension";
		};
/* End PBXNativeTarget section */

/* Begin PBXProject section */
		D31B13701CA8D8E400D0B863 /* Project object */ = {
			isa = PBXProject;
			attributes = {
				LastSwiftUpdateCheck = 0730;
				LastUpgradeCheck = 0930;
				ORGANIZATIONNAME = Teambition;
				TargetAttributes = {
					D31B13771CA8D8E400D0B863 = {
						CreatedOnToolsVersion = 7.3;
						LastSwiftMigration = 0900;
					};
					D325D6451D0574E00021E620 = {
						CreatedOnToolsVersion = 7.3.1;
						LastSwiftMigration = 0800;
					};
					EB48D17E1D64202E001EE872 = {
						CreatedOnToolsVersion = 7.3;
						LastSwiftMigration = 0900;
					};
					EB48D18A1D64202E001EE872 = {
						CreatedOnToolsVersion = 7.3;
						LastSwiftMigration = 0900;
					};
				};
			};
			buildConfigurationList = D31B13731CA8D8E400D0B863 /* Build configuration list for PBXProject "RRuleSwiftExample" */;
			compatibilityVersion = "Xcode 3.2";
			developmentRegion = English;
			hasScannedForEncodings = 0;
			knownRegions = (
				en,
				Base,
			);
			mainGroup = D31B136F1CA8D8E400D0B863;
			productRefGroup = D31B13791CA8D8E400D0B863 /* Products */;
			projectDirPath = "";
			projectRoot = "";
			targets = (
				D31B13771CA8D8E400D0B863 /* RRuleSwiftExample */,
				D325D6451D0574E00021E620 /* RRuleSwiftExample-TodayExtension */,
				EB48D17E1D64202E001EE872 /* RRuleSwiftExample-Watch */,
				EB48D18A1D64202E001EE872 /* RRuleSwiftExample-Watch Extension */,
			);
		};
/* End PBXProject section */

/* Begin PBXResourcesBuildPhase section */
		D31B13761CA8D8E400D0B863 /* Resources */ = {
			isa = PBXResourcesBuildPhase;
			buildActionMask = 2147483647;
			files = (
				D31B13831CA8D8E400D0B863 /* Assets.xcassets in Resources */,
				D31B13811CA8D8E400D0B863 /* Main.storyboard in Resources */,
			);
			runOnlyForDeploymentPostprocessing = 0;
		};
		D325D6441D0574E00021E620 /* Resources */ = {
			isa = PBXResourcesBuildPhase;
			buildActionMask = 2147483647;
			files = (
				D325D64F1D0574E00021E620 /* MainInterface.storyboard in Resources */,
			);
			runOnlyForDeploymentPostprocessing = 0;
		};
		EB48D17D1D64202E001EE872 /* Resources */ = {
			isa = PBXResourcesBuildPhase;
			buildActionMask = 2147483647;
			files = (
				EB48D1851D64202E001EE872 /* Assets.xcassets in Resources */,
				EB48D1831D64202E001EE872 /* Interface.storyboard in Resources */,
			);
			runOnlyForDeploymentPostprocessing = 0;
		};
		EB48D1891D64202E001EE872 /* Resources */ = {
			isa = PBXResourcesBuildPhase;
			buildActionMask = 2147483647;
			files = (
				EB48D1991D64202E001EE872 /* Assets.xcassets in Resources */,
			);
			runOnlyForDeploymentPostprocessing = 0;
		};
/* End PBXResourcesBuildPhase section */

/* Begin PBXSourcesBuildPhase section */
		D31B13741CA8D8E400D0B863 /* Sources */ = {
			isa = PBXSourcesBuildPhase;
			buildActionMask = 2147483647;
			files = (
				D31B13A81CA8E29000D0B863 /* RRuleExampleViewController.swift in Sources */,
				D31B137C1CA8D8E400D0B863 /* AppDelegate.swift in Sources */,
				D31B13BB1CAA35E200D0B863 /* PickerViewCell.swift in Sources */,
				D31B13BD1CAA3B0D00D0B863 /* DatePickerCell.swift in Sources */,
			);
			runOnlyForDeploymentPostprocessing = 0;
		};
		D325D6421D0574E00021E620 /* Sources */ = {
			isa = PBXSourcesBuildPhase;
			buildActionMask = 2147483647;
			files = (
				D325D64C1D0574E00021E620 /* TodayViewController.swift in Sources */,
			);
			runOnlyForDeploymentPostprocessing = 0;
		};
		EB48D1871D64202E001EE872 /* Sources */ = {
			isa = PBXSourcesBuildPhase;
			buildActionMask = 2147483647;
			files = (
				EB48D1971D64202E001EE872 /* NotificationController.swift in Sources */,
				EB48D1951D64202E001EE872 /* ExtensionDelegate.swift in Sources */,
				EB48D1931D64202E001EE872 /* InterfaceController.swift in Sources */,
			);
			runOnlyForDeploymentPostprocessing = 0;
		};
/* End PBXSourcesBuildPhase section */

/* Begin PBXTargetDependency section */
		EB48D18E1D64202E001EE872 /* PBXTargetDependency */ = {
			isa = PBXTargetDependency;
			target = EB48D18A1D64202E001EE872 /* RRuleSwiftExample-Watch Extension */;
			targetProxy = EB48D18D1D64202E001EE872 /* PBXContainerItemProxy */;
		};
		EB48D19C1D64202E001EE872 /* PBXTargetDependency */ = {
			isa = PBXTargetDependency;
			target = EB48D17E1D64202E001EE872 /* RRuleSwiftExample-Watch */;
			targetProxy = EB48D19B1D64202E001EE872 /* PBXContainerItemProxy */;
		};
/* End PBXTargetDependency section */

/* Begin PBXVariantGroup section */
		D31B137F1CA8D8E400D0B863 /* Main.storyboard */ = {
			isa = PBXVariantGroup;
			children = (
				D31B13801CA8D8E400D0B863 /* Base */,
			);
			name = Main.storyboard;
			sourceTree = "<group>";
		};
		D325D64D1D0574E00021E620 /* MainInterface.storyboard */ = {
			isa = PBXVariantGroup;
			children = (
				D325D64E1D0574E00021E620 /* Base */,
			);
			name = MainInterface.storyboard;
			sourceTree = "<group>";
		};
		EB48D1811D64202E001EE872 /* Interface.storyboard */ = {
			isa = PBXVariantGroup;
			children = (
				EB48D1821D64202E001EE872 /* Base */,
			);
			name = Interface.storyboard;
			sourceTree = "<group>";
		};
/* End PBXVariantGroup section */

/* Begin XCBuildConfiguration section */
		D31B13881CA8D8E400D0B863 /* Debug */ = {
			isa = XCBuildConfiguration;
			buildSettings = {
				ALWAYS_SEARCH_USER_PATHS = NO;
				CLANG_ANALYZER_NONNULL = YES;
				CLANG_CXX_LANGUAGE_STANDARD = "gnu++0x";
				CLANG_CXX_LIBRARY = "libc++";
				CLANG_ENABLE_MODULES = YES;
				CLANG_ENABLE_OBJC_ARC = YES;
				CLANG_WARN_BLOCK_CAPTURE_AUTORELEASING = YES;
				CLANG_WARN_BOOL_CONVERSION = YES;
				CLANG_WARN_COMMA = YES;
				CLANG_WARN_CONSTANT_CONVERSION = YES;
				CLANG_WARN_DEPRECATED_OBJC_IMPLEMENTATIONS = YES;
				CLANG_WARN_DIRECT_OBJC_ISA_USAGE = YES_ERROR;
				CLANG_WARN_EMPTY_BODY = YES;
				CLANG_WARN_ENUM_CONVERSION = YES;
				CLANG_WARN_INFINITE_RECURSION = YES;
				CLANG_WARN_INT_CONVERSION = YES;
				CLANG_WARN_NON_LITERAL_NULL_CONVERSION = YES;
				CLANG_WARN_OBJC_IMPLICIT_RETAIN_SELF = YES;
				CLANG_WARN_OBJC_LITERAL_CONVERSION = YES;
				CLANG_WARN_OBJC_ROOT_CLASS = YES_ERROR;
				CLANG_WARN_RANGE_LOOP_ANALYSIS = YES;
				CLANG_WARN_STRICT_PROTOTYPES = YES;
				CLANG_WARN_SUSPICIOUS_MOVE = YES;
				CLANG_WARN_UNREACHABLE_CODE = YES;
				CLANG_WARN__DUPLICATE_METHOD_MATCH = YES;
				"CODE_SIGN_IDENTITY[sdk=iphoneos*]" = "iPhone Developer";
				COPY_PHASE_STRIP = NO;
				DEBUG_INFORMATION_FORMAT = dwarf;
				ENABLE_STRICT_OBJC_MSGSEND = YES;
				ENABLE_TESTABILITY = YES;
				GCC_C_LANGUAGE_STANDARD = gnu99;
				GCC_DYNAMIC_NO_PIC = NO;
				GCC_NO_COMMON_BLOCKS = YES;
				GCC_OPTIMIZATION_LEVEL = 0;
				GCC_PREPROCESSOR_DEFINITIONS = (
					"DEBUG=1",
					"$(inherited)",
				);
				GCC_WARN_64_TO_32_BIT_CONVERSION = YES;
				GCC_WARN_ABOUT_RETURN_TYPE = YES_ERROR;
				GCC_WARN_UNDECLARED_SELECTOR = YES;
				GCC_WARN_UNINITIALIZED_AUTOS = YES_AGGRESSIVE;
				GCC_WARN_UNUSED_FUNCTION = YES;
				GCC_WARN_UNUSED_VARIABLE = YES;
				IPHONEOS_DEPLOYMENT_TARGET = 8.0;
				MTL_ENABLE_DEBUG_INFO = YES;
				ONLY_ACTIVE_ARCH = YES;
				SDKROOT = iphoneos;
				SWIFT_OPTIMIZATION_LEVEL = "-Onone";
				TARGETED_DEVICE_FAMILY = "1,2";
			};
			name = Debug;
		};
		D31B13891CA8D8E400D0B863 /* Release */ = {
			isa = XCBuildConfiguration;
			buildSettings = {
				ALWAYS_SEARCH_USER_PATHS = NO;
				CLANG_ANALYZER_NONNULL = YES;
				CLANG_CXX_LANGUAGE_STANDARD = "gnu++0x";
				CLANG_CXX_LIBRARY = "libc++";
				CLANG_ENABLE_MODULES = YES;
				CLANG_ENABLE_OBJC_ARC = YES;
				CLANG_WARN_BLOCK_CAPTURE_AUTORELEASING = YES;
				CLANG_WARN_BOOL_CONVERSION = YES;
				CLANG_WARN_COMMA = YES;
				CLANG_WARN_CONSTANT_CONVERSION = YES;
				CLANG_WARN_DEPRECATED_OBJC_IMPLEMENTATIONS = YES;
				CLANG_WARN_DIRECT_OBJC_ISA_USAGE = YES_ERROR;
				CLANG_WARN_EMPTY_BODY = YES;
				CLANG_WARN_ENUM_CONVERSION = YES;
				CLANG_WARN_INFINITE_RECURSION = YES;
				CLANG_WARN_INT_CONVERSION = YES;
				CLANG_WARN_NON_LITERAL_NULL_CONVERSION = YES;
				CLANG_WARN_OBJC_IMPLICIT_RETAIN_SELF = YES;
				CLANG_WARN_OBJC_LITERAL_CONVERSION = YES;
				CLANG_WARN_OBJC_ROOT_CLASS = YES_ERROR;
				CLANG_WARN_RANGE_LOOP_ANALYSIS = YES;
				CLANG_WARN_STRICT_PROTOTYPES = YES;
				CLANG_WARN_SUSPICIOUS_MOVE = YES;
				CLANG_WARN_UNREACHABLE_CODE = YES;
				CLANG_WARN__DUPLICATE_METHOD_MATCH = YES;
				"CODE_SIGN_IDENTITY[sdk=iphoneos*]" = "iPhone Developer";
				COPY_PHASE_STRIP = NO;
				DEBUG_INFORMATION_FORMAT = "dwarf-with-dsym";
				ENABLE_NS_ASSERTIONS = NO;
				ENABLE_STRICT_OBJC_MSGSEND = YES;
				GCC_C_LANGUAGE_STANDARD = gnu99;
				GCC_NO_COMMON_BLOCKS = YES;
				GCC_WARN_64_TO_32_BIT_CONVERSION = YES;
				GCC_WARN_ABOUT_RETURN_TYPE = YES_ERROR;
				GCC_WARN_UNDECLARED_SELECTOR = YES;
				GCC_WARN_UNINITIALIZED_AUTOS = YES_AGGRESSIVE;
				GCC_WARN_UNUSED_FUNCTION = YES;
				GCC_WARN_UNUSED_VARIABLE = YES;
				IPHONEOS_DEPLOYMENT_TARGET = 8.0;
				MTL_ENABLE_DEBUG_INFO = NO;
				SDKROOT = iphoneos;
				SWIFT_OPTIMIZATION_LEVEL = "-Owholemodule";
				TARGETED_DEVICE_FAMILY = "1,2";
				VALIDATE_PRODUCT = YES;
			};
			name = Release;
		};
		D31B138B1CA8D8E400D0B863 /* Debug */ = {
			isa = XCBuildConfiguration;
			buildSettings = {
				ASSETCATALOG_COMPILER_APPICON_NAME = AppIcon;
				INFOPLIST_FILE = "$(SRCROOT)/RRuleSwiftExample/Info.plist";
				LD_RUNPATH_SEARCH_PATHS = "$(inherited) @executable_path/Frameworks";
				PRODUCT_BUNDLE_IDENTIFIER = Teambition.RRuleSwiftExample;
				PRODUCT_NAME = RRuleSwiftExample;
				SWIFT_SWIFT3_OBJC_INFERENCE = Default;
				SWIFT_VERSION = 4.2;
			};
			name = Debug;
		};
		D31B138C1CA8D8E400D0B863 /* Release */ = {
			isa = XCBuildConfiguration;
			buildSettings = {
				ASSETCATALOG_COMPILER_APPICON_NAME = AppIcon;
				INFOPLIST_FILE = "$(SRCROOT)/RRuleSwiftExample/Info.plist";
				LD_RUNPATH_SEARCH_PATHS = "$(inherited) @executable_path/Frameworks";
				PRODUCT_BUNDLE_IDENTIFIER = Teambition.RRuleSwiftExample;
				PRODUCT_NAME = RRuleSwiftExample;
				SWIFT_SWIFT3_OBJC_INFERENCE = Default;
				SWIFT_VERSION = 4.2;
			};
			name = Release;
		};
		D325D6551D0574E10021E620 /* Debug */ = {
			isa = XCBuildConfiguration;
			buildSettings = {
				INFOPLIST_FILE = "RRuleSwiftExample-TodayExtension/Info.plist";
				IPHONEOS_DEPLOYMENT_TARGET = 8.0;
				LD_RUNPATH_SEARCH_PATHS = "$(inherited) @executable_path/Frameworks @executable_path/../../Frameworks";
				PRODUCT_BUNDLE_IDENTIFIER = Teambition.RRuleSwiftExample.TodayExtension;
				PRODUCT_NAME = "$(TARGET_NAME)";
				SKIP_INSTALL = YES;
				SWIFT_VERSION = 4.2;
			};
			name = Debug;
		};
		D325D6561D0574E10021E620 /* Release */ = {
			isa = XCBuildConfiguration;
			buildSettings = {
				INFOPLIST_FILE = "RRuleSwiftExample-TodayExtension/Info.plist";
				IPHONEOS_DEPLOYMENT_TARGET = 8.0;
				LD_RUNPATH_SEARCH_PATHS = "$(inherited) @executable_path/Frameworks @executable_path/../../Frameworks";
				PRODUCT_BUNDLE_IDENTIFIER = Teambition.RRuleSwiftExample.TodayExtension;
				PRODUCT_NAME = "$(TARGET_NAME)";
				SKIP_INSTALL = YES;
				SWIFT_VERSION = 4.2;
			};
			name = Release;
		};
		EB48D19E1D64202E001EE872 /* Debug */ = {
			isa = XCBuildConfiguration;
			buildSettings = {
				ALWAYS_EMBED_SWIFT_STANDARD_LIBRARIES = YES;
				ASSETCATALOG_COMPILER_APPICON_NAME = AppIcon;
				IBSC_MODULE = RRuleSwiftExample_Watch_Extension;
				INFOPLIST_FILE = "RRuleSwiftExample-Watch/Info.plist";
				PRODUCT_BUNDLE_IDENTIFIER = Teambition.RRuleSwiftExample.WatchKitApp;
				PRODUCT_NAME = "$(TARGET_NAME)";
				SDKROOT = watchos;
				SKIP_INSTALL = YES;
				SWIFT_SWIFT3_OBJC_INFERENCE = On;
				SWIFT_VERSION = 4.2;
				TARGETED_DEVICE_FAMILY = 4;
				WATCHOS_DEPLOYMENT_TARGET = 2.0;
			};
			name = Debug;
		};
		EB48D19F1D64202E001EE872 /* Release */ = {
			isa = XCBuildConfiguration;
			buildSettings = {
				ALWAYS_EMBED_SWIFT_STANDARD_LIBRARIES = YES;
				ASSETCATALOG_COMPILER_APPICON_NAME = AppIcon;
				IBSC_MODULE = RRuleSwiftExample_Watch_Extension;
				INFOPLIST_FILE = "RRuleSwiftExample-Watch/Info.plist";
				PRODUCT_BUNDLE_IDENTIFIER = Teambition.RRuleSwiftExample.WatchKitApp;
				PRODUCT_NAME = "$(TARGET_NAME)";
				SDKROOT = watchos;
				SKIP_INSTALL = YES;
				SWIFT_SWIFT3_OBJC_INFERENCE = On;
				SWIFT_VERSION = 4.2;
				TARGETED_DEVICE_FAMILY = 4;
				WATCHOS_DEPLOYMENT_TARGET = 2.0;
			};
			name = Release;
		};
		EB48D1A01D64202E001EE872 /* Debug */ = {
			isa = XCBuildConfiguration;
			buildSettings = {
				INFOPLIST_FILE = "RRuleSwiftExample-Watch Extension/Info.plist";
				LD_RUNPATH_SEARCH_PATHS = "$(inherited) @executable_path/Frameworks @executable_path/../../Frameworks";
				PRODUCT_BUNDLE_IDENTIFIER = Teambition.RRuleSwiftExample.WatchKitApp.WatchKitExtension;
				PRODUCT_NAME = "${TARGET_NAME}";
				SDKROOT = watchos;
				SKIP_INSTALL = YES;
				SWIFT_SWIFT3_OBJC_INFERENCE = Default;
				SWIFT_VERSION = 4.2;
				TARGETED_DEVICE_FAMILY = 4;
				WATCHOS_DEPLOYMENT_TARGET = 2.0;
			};
			name = Debug;
		};
		EB48D1A11D64202E001EE872 /* Release */ = {
			isa = XCBuildConfiguration;
			buildSettings = {
				INFOPLIST_FILE = "RRuleSwiftExample-Watch Extension/Info.plist";
				LD_RUNPATH_SEARCH_PATHS = "$(inherited) @executable_path/Frameworks @executable_path/../../Frameworks";
				PRODUCT_BUNDLE_IDENTIFIER = Teambition.RRuleSwiftExample.WatchKitApp.WatchKitExtension;
				PRODUCT_NAME = "${TARGET_NAME}";
				SDKROOT = watchos;
				SKIP_INSTALL = YES;
				SWIFT_SWIFT3_OBJC_INFERENCE = Default;
				SWIFT_VERSION = 4.2;
				TARGETED_DEVICE_FAMILY = 4;
				WATCHOS_DEPLOYMENT_TARGET = 2.0;
			};
			name = Release;
		};
/* End XCBuildConfiguration section */

/* Begin XCConfigurationList section */
		D31B13731CA8D8E400D0B863 /* Build configuration list for PBXProject "RRuleSwiftExample" */ = {
			isa = XCConfigurationList;
			buildConfigurations = (
				D31B13881CA8D8E400D0B863 /* Debug */,
				D31B13891CA8D8E400D0B863 /* Release */,
			);
			defaultConfigurationIsVisible = 0;
			defaultConfigurationName = Release;
		};
		D31B138A1CA8D8E400D0B863 /* Build configuration list for PBXNativeTarget "RRuleSwiftExample" */ = {
			isa = XCConfigurationList;
			buildConfigurations = (
				D31B138B1CA8D8E400D0B863 /* Debug */,
				D31B138C1CA8D8E400D0B863 /* Release */,
			);
			defaultConfigurationIsVisible = 0;
			defaultConfigurationName = Release;
		};
		D325D6541D0574E10021E620 /* Build configuration list for PBXNativeTarget "RRuleSwiftExample-TodayExtension" */ = {
			isa = XCConfigurationList;
			buildConfigurations = (
				D325D6551D0574E10021E620 /* Debug */,
				D325D6561D0574E10021E620 /* Release */,
			);
			defaultConfigurationIsVisible = 0;
			defaultConfigurationName = Release;
		};
		EB48D1A21D64202E001EE872 /* Build configuration list for PBXNativeTarget "RRuleSwiftExample-Watch Extension" */ = {
			isa = XCConfigurationList;
			buildConfigurations = (
				EB48D1A01D64202E001EE872 /* Debug */,
				EB48D1A11D64202E001EE872 /* Release */,
			);
			defaultConfigurationIsVisible = 0;
			defaultConfigurationName = Release;
		};
		EB48D1A41D64202E001EE872 /* Build configuration list for PBXNativeTarget "RRuleSwiftExample-Watch" */ = {
			isa = XCConfigurationList;
			buildConfigurations = (
				EB48D19E1D64202E001EE872 /* Debug */,
				EB48D19F1D64202E001EE872 /* Release */,
			);
			defaultConfigurationIsVisible = 0;
			defaultConfigurationName = Release;
		};
/* End XCConfigurationList section */
	};
	rootObject = D31B13701CA8D8E400D0B863 /* Project object */;
}
